# This file is automatically @generated by Cargo.
# It is not intended for manual editing.
version = 4

[[package]]
name = "warrant-authority"
version = "0.1.0"
dependencies = [
 "warrant-core",
]

[[package]]
name = "warrant-census"
version = "0.1.0"
dependencies = [
 "warrant-core",
]

[[package]]
name = "warrant-cli"
version = "0.1.0"
dependencies = [
 "warrant-authority",
 "warrant-census",
 "warrant-core",
 "warrant-evidence",
 "warrant-inventory",
 "warrant-judgment",
 "warrant-lang-rust",
 "warrant-lang-ts",
 "warrant-model",
 "warrant-render",
 "warrant-snapshot",
]

[[package]]
name = "warrant-core"
version = "0.1.0"

[[package]]
name = "warrant-evidence"
version = "0.1.0"
dependencies = [
 "warrant-core",
]

[[package]]
name = "warrant-inventory"
version = "0.1.0"
dependencies = [
 "warrant-core",
]

[[package]]
name = "warrant-judgment"
version = "0.1.0"
dependencies = [
 "warrant-core",
]

[[package]]
name = "warrant-lang-rust"
version = "0.1.0"
dependencies = [
 "warrant-core",
 "warrant-model",
]

[[package]]
name = "warrant-lang-ts"
version = "0.1.0"
dependencies = [
 "warrant-core",
 "warrant-model",
]

[[package]]
name = "warrant-model"
version = "0.1.0"
dependencies = [
 "warrant-core",
]

[[package]]
name = "warrant-render"
version = "0.1.0"
dependencies = [
 "warrant-core",
]

[[package]]
name = "warrant-snapshot"
version = "0.1.0"
dependencies = [
 "warrant-core",
]
