# This file is automatically @generated by Cargo.
# It is not intended for manual editing.
version = 4

[[package]]
name = "app"
version = "0.1.0"
dependencies = [
 "extra",
 "fixture-core",
 "windows",
]

[[package]]
name = "extra"
version = "0.1.0"

[[package]]
name = "fixture-core"
version = "0.1.0"

[[package]]
name = "windows"
version = "0.1.0"
